schema: '2.0'
stages:
  combine_data:
    cmd: python src/combine_data.py --config=params.yaml
    deps:
    - path: src/combine_data.py
      md5: 52a7eb00559f4c104337413ce99da8f4
      size: 1138
    outs:
    - path: data/combined/combined_AReM_data.csv
      md5: c271ab65f2f7ff901eb7fedcf99b396d
      size: 1826708
  load_data:
    cmd: python src/load_data.py --config=params.yaml
    deps:
    - path: data/combined/combined_AReM_data.csv
      md5: c271ab65f2f7ff901eb7fedcf99b396d
      size: 1826708
    - path: src/get_data.py
      md5: ebf5559f6620d79aea62ceb476b5d067
      size: 597
    - path: src/load_data.py
      md5: 0f91a30034d9206887bff7f1ee5d9cf1
      size: 2092
    outs:
    - path: data/raw/raw_AReM_data.csv
      md5: 18bcacec9d84c74d5bb35af38d716062
      size: 1478623
  split_data:
    cmd: python src/split_data.py --config=params.yaml
    deps:
    - path: data/raw/raw_AReM_data.csv
      md5: 18bcacec9d84c74d5bb35af38d716062
      size: 1478623
    - path: src/get_data.py
      md5: ebf5559f6620d79aea62ceb476b5d067
      size: 597
    outs:
    - path: data/processed/test_AReM_data.csv
      md5: ac0a2e55cda90571ec66aba4e25d0ddd
      size: 297621
    - path: data/processed/train_AReM_data.csv
      md5: 5f7290de2d65a47b0eff3e1c46eb55ff
      size: 1181068
  train_and_evaluate:
    cmd: python src/train_and_evaluate.py --config=params.yaml
    deps:
    - path: data/processed/test_AReM_data.csv
      md5: ac0a2e55cda90571ec66aba4e25d0ddd
      size: 297621
    - path: data/processed/train_AReM_data.csv
      md5: 5f7290de2d65a47b0eff3e1c46eb55ff
      size: 1181068
    - path: src/train_and_evaluate.py
      md5: b132b1f551e913539b3406a90bf79e3f
      size: 2731
    params:
      params.yaml:
        algorithm_params.solver: lbfgs
    outs:
    - path: report/params.json
      md5: 781f58cb383f63293a5da011d23cba4c
      size: 25
    - path: report/scores.json
      md5: d06f2fa749e599a9fe2dd177f65e8ca6
      size: 115
    - path: saved_models/model.joblib
      md5: 8c175995e9a59ccde713d37ee9f9957d
      size: 1795
