schema: '2.0'
stages:
  combine_data:
    cmd: python src/combine_data.py --config=params.yaml
    deps:
    - path: src/combine_data.py
      md5: 14de896861a9c92160a29a6072ff557b
      size: 1137
    outs:
    - path: data/combined/combined_AReM_data.csv
      md5: c271ab65f2f7ff901eb7fedcf99b396d
      size: 1826708
  load_data:
    cmd: python src/load_data.py --config=params.yaml
    deps:
    - path: data/combined/combined_AReM_data.csv
      md5: c271ab65f2f7ff901eb7fedcf99b396d
      size: 1826708
    - path: src/get_data.py
      md5: 597d1e62138faee6d806e2a3a6763ce7
      size: 584
    - path: src/load_data.py
      md5: f90addba80323d8f7be7ad5b4224d6b2
      size: 2170
    outs:
    - path: data/raw/combined_AReM_data.csv
      md5: 846d6aebd23b3bd03e77cddbdafce2f7
      size: 1657625
  split_data:
    cmd: python src/split_data.py --config=params.yaml
    deps:
    - path: data/raw/combined_AReM_data.csv
      md5: 846d6aebd23b3bd03e77cddbdafce2f7
      size: 1657625
    - path: src/get_data.py
      md5: 597d1e62138faee6d806e2a3a6763ce7
      size: 584
    outs:
    - path: data/processed/test_AReM_data.csv
      md5: d221fc8d05c021a00b25c37a2ca78816
      size: 333457
    - path: data/processed/train_AReM_data.csv
      md5: 65d711c5bf16d68baabdad0fe07bf613
      size: 1324245
  train_and_evaluate:
    cmd: python src/train_and_evaluate.py --config=params.yaml
    deps:
    - path: data/processed/test_AReM_data.csv
      md5: d221fc8d05c021a00b25c37a2ca78816
      size: 333457
    - path: data/processed/train_AReM_data.csv
      md5: 65d711c5bf16d68baabdad0fe07bf613
      size: 1324245
    - path: src/train_and_evaluate.py
      md5: 9bafe51437d43f8f66be552e16cf9c0b
      size: 2791
    params:
      params.yaml:
        algorithm_params.solver: lbfgs
    outs:
    - path: report/params.json
      md5: 781f58cb383f63293a5da011d23cba4c
      size: 25
    - path: report/scores.json
      md5: e9e350347f7de1d95a81a65754ee3908
      size: 115
    - path: saved_models/model.joblib
      md5: a5e700631512eac13b64856d04d10819
      size: 1868
